<Solution>
  <Folder Name="/assets/">
    <File Path="Build.ps1" />
    <File Path="Directory.Build.props" />
    <File Path="Directory.Version.props" />
    <File Path="LICENSE" />
    <File Path="README.md" />
    <File Path=".github/workflows/ci.yml" />
  </Folder>
  <Folder Name="/tests/">
    <Project Path="tests/ByteGuard.FileValidator.Scanner.Amsi.Tests.Unit/ByteGuard.FileValidator.Scanner.Amsi.Tests.Unit.csproj" />
  </Folder>
  <Project Path="src/ByteGuard.FileValidator.Scanner.Amsi/ByteGuard.FileValidator.Scanner.Amsi.csproj" />
</Solution>
